
Microsoft Visual Studio Solution File, Format Version 12.00
# Visual Studio Version 17
VisualStudioVersion = 17.3.32804.467
MinimumVisualStudioVersion = 10.0.40219.1
Project("{FAE04EC0-301F-11D3-BF4B-00C04F79EFBC}") = "ReverseWords", "ReverseWords.csproj", "{612366D0-251D-4F40-9FCC-CC205EE08FDE}"
EndProject
Project("{FAE04EC0-301F-11D3-BF4B-00C04F79EFBC}") = "Two Sum", "..\Two Sum\Two Sum.csproj", "{41078934-E05F-4D8E-B8BC-D4EC33A517A4}"
EndProject
Project("{FAE04EC0-301F-11D3-BF4B-00C04F79EFBC}") = "Concatenation of Consecutive Binary Numbers", "..\Concatenation of Consecutive Binary Numbers\Concatenation of Consecutive Binary Numbers.csproj", "{C7759709-3BE2-44E2-B973-F68FE721FD04}"
EndProject
Project("{FAE04EC0-301F-11D3-BF4B-00C04F79EFBC}") = "Polindrom Number", "..\Polindrom Number\Polindrom Number.csproj", "{F3D8D496-3319-4B71-B26D-8D628261FE41}"
EndProject
Project("{8BC9CEB8-8B4A-11D0-8D11-00A0C91BC942}") = "Max Points on a Line", "..\Max Points on a Line\Max Points on a Line.vcxproj", "{3321A80D-BC87-4065-BE3C-66F7EA9F52B9}"
EndProject
Project("{8BC9CEB8-8B4A-11D0-8D11-00A0C91BC942}") = "Binary Tree Preorder Traversal", "..\Binary Tree Preorder Traversal\Binary Tree Preorder Traversal.vcxproj", "{C5BABB29-DB21-4FD9-B7B5-C225A3ED399F}"
EndProject
Project("{8BC9CEB8-8B4A-11D0-8D11-00A0C91BC942}") = "Same Tree", "..\Same Tree\Same Tree.vcxproj", "{C027AA89-5808-425F-BE94-2E6ED0653F9F}"
EndProject
Project("{8BC9CEB8-8B4A-11D0-8D11-00A0C91BC942}") = "Merge Two Sorted Lists", "..\Merge Two Sorted Lists\Merge Two Sorted Lists.vcxproj", "{3B688577-908F-471D-87EF-D2E693DCF10B}"
EndProject
Global
	GlobalSection(SolutionConfigurationPlatforms) = preSolution
		Debug|Any CPU = Debug|Any CPU
		Debug|x64 = Debug|x64
		Debug|x86 = Debug|x86
		Release|Any CPU = Release|Any CPU
		Release|x64 = Release|x64
		Release|x86 = Release|x86
	EndGlobalSection
	GlobalSection(ProjectConfigurationPlatforms) = postSolution
		{612366D0-251D-4F40-9FCC-CC205EE08FDE}.Debug|Any CPU.ActiveCfg = Debug|Any CPU
		{612366D0-251D-4F40-9FCC-CC205EE08FDE}.Debug|Any CPU.Build.0 = Debug|Any CPU
		{612366D0-251D-4F40-9FCC-CC205EE08FDE}.Debug|x64.ActiveCfg = Debug|Any CPU
		{612366D0-251D-4F40-9FCC-CC205EE08FDE}.Debug|x64.Build.0 = Debug|Any CPU
		{612366D0-251D-4F40-9FCC-CC205EE08FDE}.Debug|x86.ActiveCfg = Debug|Any CPU
		{612366D0-251D-4F40-9FCC-CC205EE08FDE}.Debug|x86.Build.0 = Debug|Any CPU
		{612366D0-251D-4F40-9FCC-CC205EE08FDE}.Release|Any CPU.ActiveCfg = Release|Any CPU
		{612366D0-251D-4F40-9FCC-CC205EE08FDE}.Release|Any CPU.Build.0 = Release|Any CPU
		{612366D0-251D-4F40-9FCC-CC205EE08FDE}.Release|x64.ActiveCfg = Release|Any CPU
		{612366D0-251D-4F40-9FCC-CC205EE08FDE}.Release|x64.Build.0 = Release|Any CPU
		{612366D0-251D-4F40-9FCC-CC205EE08FDE}.Release|x86.ActiveCfg = Release|Any CPU
		{612366D0-251D-4F40-9FCC-CC205EE08FDE}.Release|x86.Build.0 = Release|Any CPU
		{41078934-E05F-4D8E-B8BC-D4EC33A517A4}.Debug|Any CPU.ActiveCfg = Debug|Any CPU
		{41078934-E05F-4D8E-B8BC-D4EC33A517A4}.Debug|Any CPU.Build.0 = Debug|Any CPU
		{41078934-E05F-4D8E-B8BC-D4EC33A517A4}.Debug|x64.ActiveCfg = Debug|Any CPU
		{41078934-E05F-4D8E-B8BC-D4EC33A517A4}.Debug|x64.Build.0 = Debug|Any CPU
		{41078934-E05F-4D8E-B8BC-D4EC33A517A4}.Debug|x86.ActiveCfg = Debug|Any CPU
		{41078934-E05F-4D8E-B8BC-D4EC33A517A4}.Debug|x86.Build.0 = Debug|Any CPU
		{41078934-E05F-4D8E-B8BC-D4EC33A517A4}.Release|Any CPU.ActiveCfg = Release|Any CPU
		{41078934-E05F-4D8E-B8BC-D4EC33A517A4}.Release|Any CPU.Build.0 = Release|Any CPU
		{41078934-E05F-4D8E-B8BC-D4EC33A517A4}.Release|x64.ActiveCfg = Release|Any CPU
		{41078934-E05F-4D8E-B8BC-D4EC33A517A4}.Release|x64.Build.0 = Release|Any CPU
		{41078934-E05F-4D8E-B8BC-D4EC33A517A4}.Release|x86.ActiveCfg = Release|Any CPU
		{41078934-E05F-4D8E-B8BC-D4EC33A517A4}.Release|x86.Build.0 = Release|Any CPU
		{C7759709-3BE2-44E2-B973-F68FE721FD04}.Debug|Any CPU.ActiveCfg = Debug|Any CPU
		{C7759709-3BE2-44E2-B973-F68FE721FD04}.Debug|Any CPU.Build.0 = Debug|Any CPU
		{C7759709-3BE2-44E2-B973-F68FE721FD04}.Debug|x64.ActiveCfg = Debug|Any CPU
		{C7759709-3BE2-44E2-B973-F68FE721FD04}.Debug|x64.Build.0 = Debug|Any CPU
		{C7759709-3BE2-44E2-B973-F68FE721FD04}.Debug|x86.ActiveCfg = Debug|Any CPU
		{C7759709-3BE2-44E2-B973-F68FE721FD04}.Debug|x86.Build.0 = Debug|Any CPU
		{C7759709-3BE2-44E2-B973-F68FE721FD04}.Release|Any CPU.ActiveCfg = Release|Any CPU
		{C7759709-3BE2-44E2-B973-F68FE721FD04}.Release|Any CPU.Build.0 = Release|Any CPU
		{C7759709-3BE2-44E2-B973-F68FE721FD04}.Release|x64.ActiveCfg = Release|Any CPU
		{C7759709-3BE2-44E2-B973-F68FE721FD04}.Release|x64.Build.0 = Release|Any CPU
		{C7759709-3BE2-44E2-B973-F68FE721FD04}.Release|x86.ActiveCfg = Release|Any CPU
		{C7759709-3BE2-44E2-B973-F68FE721FD04}.Release|x86.Build.0 = Release|Any CPU
		{F3D8D496-3319-4B71-B26D-8D628261FE41}.Debug|Any CPU.ActiveCfg = Debug|Any CPU
		{F3D8D496-3319-4B71-B26D-8D628261FE41}.Debug|Any CPU.Build.0 = Debug|Any CPU
		{F3D8D496-3319-4B71-B26D-8D628261FE41}.Debug|x64.ActiveCfg = Debug|Any CPU
		{F3D8D496-3319-4B71-B26D-8D628261FE41}.Debug|x64.Build.0 = Debug|Any CPU
		{F3D8D496-3319-4B71-B26D-8D628261FE41}.Debug|x86.ActiveCfg = Debug|Any CPU
		{F3D8D496-3319-4B71-B26D-8D628261FE41}.Debug|x86.Build.0 = Debug|Any CPU
		{F3D8D496-3319-4B71-B26D-8D628261FE41}.Release|Any CPU.ActiveCfg = Release|Any CPU
		{F3D8D496-3319-4B71-B26D-8D628261FE41}.Release|Any CPU.Build.0 = Release|Any CPU
		{F3D8D496-3319-4B71-B26D-8D628261FE41}.Release|x64.ActiveCfg = Release|Any CPU
		{F3D8D496-3319-4B71-B26D-8D628261FE41}.Release|x64.Build.0 = Release|Any CPU
		{F3D8D496-3319-4B71-B26D-8D628261FE41}.Release|x86.ActiveCfg = Release|Any CPU
		{F3D8D496-3319-4B71-B26D-8D628261FE41}.Release|x86.Build.0 = Release|Any CPU
		{3321A80D-BC87-4065-BE3C-66F7EA9F52B9}.Debug|Any CPU.ActiveCfg = Debug|x64
		{3321A80D-BC87-4065-BE3C-66F7EA9F52B9}.Debug|Any CPU.Build.0 = Debug|x64
		{3321A80D-BC87-4065-BE3C-66F7EA9F52B9}.Debug|x64.ActiveCfg = Debug|x64
		{3321A80D-BC87-4065-BE3C-66F7EA9F52B9}.Debug|x64.Build.0 = Debug|x64
		{3321A80D-BC87-4065-BE3C-66F7EA9F52B9}.Debug|x86.ActiveCfg = Debug|Win32
		{3321A80D-BC87-4065-BE3C-66F7EA9F52B9}.Debug|x86.Build.0 = Debug|Win32
		{3321A80D-BC87-4065-BE3C-66F7EA9F52B9}.Release|Any CPU.ActiveCfg = Release|x64
		{3321A80D-BC87-4065-BE3C-66F7EA9F52B9}.Release|Any CPU.Build.0 = Release|x64
		{3321A80D-BC87-4065-BE3C-66F7EA9F52B9}.Release|x64.ActiveCfg = Release|x64
		{3321A80D-BC87-4065-BE3C-66F7EA9F52B9}.Release|x64.Build.0 = Release|x64
		{3321A80D-BC87-4065-BE3C-66F7EA9F52B9}.Release|x86.ActiveCfg = Release|Win32
		{3321A80D-BC87-4065-BE3C-66F7EA9F52B9}.Release|x86.Build.0 = Release|Win32
		{C5BABB29-DB21-4FD9-B7B5-C225A3ED399F}.Debug|Any CPU.ActiveCfg = Debug|x64
		{C5BABB29-DB21-4FD9-B7B5-C225A3ED399F}.Debug|Any CPU.Build.0 = Debug|x64
		{C5BABB29-DB21-4FD9-B7B5-C225A3ED399F}.Debug|x64.ActiveCfg = Debug|x64
		{C5BABB29-DB21-4FD9-B7B5-C225A3ED399F}.Debug|x64.Build.0 = Debug|x64
		{C5BABB29-DB21-4FD9-B7B5-C225A3ED399F}.Debug|x86.ActiveCfg = Debug|Win32
		{C5BABB29-DB21-4FD9-B7B5-C225A3ED399F}.Debug|x86.Build.0 = Debug|Win32
		{C5BABB29-DB21-4FD9-B7B5-C225A3ED399F}.Release|Any CPU.ActiveCfg = Release|x64
		{C5BABB29-DB21-4FD9-B7B5-C225A3ED399F}.Release|Any CPU.Build.0 = Release|x64
		{C5BABB29-DB21-4FD9-B7B5-C225A3ED399F}.Release|x64.ActiveCfg = Release|x64
		{C5BABB29-DB21-4FD9-B7B5-C225A3ED399F}.Release|x64.Build.0 = Release|x64
		{C5BABB29-DB21-4FD9-B7B5-C225A3ED399F}.Release|x86.ActiveCfg = Release|Win32
		{C5BABB29-DB21-4FD9-B7B5-C225A3ED399F}.Release|x86.Build.0 = Release|Win32
		{C027AA89-5808-425F-BE94-2E6ED0653F9F}.Debug|Any CPU.ActiveCfg = Debug|x64
		{C027AA89-5808-425F-BE94-2E6ED0653F9F}.Debug|Any CPU.Build.0 = Debug|x64
		{C027AA89-5808-425F-BE94-2E6ED0653F9F}.Debug|x64.ActiveCfg = Debug|x64
		{C027AA89-5808-425F-BE94-2E6ED0653F9F}.Debug|x64.Build.0 = Debug|x64
		{C027AA89-5808-425F-BE94-2E6ED0653F9F}.Debug|x86.ActiveCfg = Debug|Win32
		{C027AA89-5808-425F-BE94-2E6ED0653F9F}.Debug|x86.Build.0 = Debug|Win32
		{C027AA89-5808-425F-BE94-2E6ED0653F9F}.Release|Any CPU.ActiveCfg = Release|x64
		{C027AA89-5808-425F-BE94-2E6ED0653F9F}.Release|Any CPU.Build.0 = Release|x64
		{C027AA89-5808-425F-BE94-2E6ED0653F9F}.Release|x64.ActiveCfg = Release|x64
		{C027AA89-5808-425F-BE94-2E6ED0653F9F}.Release|x64.Build.0 = Release|x64
		{C027AA89-5808-425F-BE94-2E6ED0653F9F}.Release|x86.ActiveCfg = Release|Win32
		{C027AA89-5808-425F-BE94-2E6ED0653F9F}.Release|x86.Build.0 = Release|Win32
		{3B688577-908F-471D-87EF-D2E693DCF10B}.Debug|Any CPU.ActiveCfg = Debug|x64
		{3B688577-908F-471D-87EF-D2E693DCF10B}.Debug|Any CPU.Build.0 = Debug|x64
		{3B688577-908F-471D-87EF-D2E693DCF10B}.Debug|x64.ActiveCfg = Debug|x64
		{3B688577-908F-471D-87EF-D2E693DCF10B}.Debug|x64.Build.0 = Debug|x64
		{3B688577-908F-471D-87EF-D2E693DCF10B}.Debug|x86.ActiveCfg = Debug|Win32
		{3B688577-908F-471D-87EF-D2E693DCF10B}.Debug|x86.Build.0 = Debug|Win32
		{3B688577-908F-471D-87EF-D2E693DCF10B}.Release|Any CPU.ActiveCfg = Release|x64
		{3B688577-908F-471D-87EF-D2E693DCF10B}.Release|Any CPU.Build.0 = Release|x64
		{3B688577-908F-471D-87EF-D2E693DCF10B}.Release|x64.ActiveCfg = Release|x64
		{3B688577-908F-471D-87EF-D2E693DCF10B}.Release|x64.Build.0 = Release|x64
		{3B688577-908F-471D-87EF-D2E693DCF10B}.Release|x86.ActiveCfg = Release|Win32
		{3B688577-908F-471D-87EF-D2E693DCF10B}.Release|x86.Build.0 = Release|Win32
	EndGlobalSection
	GlobalSection(SolutionProperties) = preSolution
		HideSolutionNode = FALSE
	EndGlobalSection
	GlobalSection(ExtensibilityGlobals) = postSolution
		SolutionGuid = {72DA8B3F-8996-412F-A0EB-C8DC55C79564}
	EndGlobalSection
EndGlobal
